lockfileVersion: '9.0'

settings:
  autoInstallPeers: true
  excludeLinksFromLockfile: false

importers:

  .:
    dependencies:
      parallel-web:
        specifier: ^1.0.0
        version: 1.3.0

packages:

  parallel-web@1.3.0:
    resolution: {integrity: sha512-uCJxbjAU0ZMvXi0XHNSBY5B5r7SBAuTfYtkbiW+tQqRxAmq/FHZ/h57Q4zclnnX6CgTW+PQDk2NPH9Q7ULYbMw==}

snapshots:

  parallel-web@1.3.0: {}
