lockfileVersion: '9.0'

settings:
  autoInstallPeers: true
  excludeLinksFromLockfile: false

importers:

  .:
    dependencies:
      parallel-web:
        specifier: ^1.3.3
        version: 1.3.5

packages:

  parallel-web@1.3.5:
    resolution: {integrity: sha512-ITnzfmsL7rtUm+C13E80sw5G6U73nQegJi0Am568S58Mje0ivqZHRVFk7Zw9mYc1pdDPSSzf5kRq7C3imLiuQQ==}

snapshots:

  parallel-web@1.3.5: {}
