lockfileVersion: '9.0'

settings:
  autoInstallPeers: true
  excludeLinksFromLockfile: false

importers:

  .:
    dependencies:
      parallel-web:
        specifier: ^0.5.0
        version: 0.5.0

packages:

  parallel-web@0.5.0:
    resolution: {integrity: sha512-p3JR9ENwbXtQJFTn4rWrraYKzHISkG2lwoRmVQceEqepgMtpuE6v/BEMi4yAmGum6ejK2F4DDKLkcqeFxnqztg==}

snapshots:

  parallel-web@0.5.0: {}
