lockfileVersion: '9.0'

settings:
  autoInstallPeers: true
  excludeLinksFromLockfile: false

importers:

  .:
    dependencies:
      vscode-languageserver-protocol:
        specifier: 3.18.4
        version: 3.18.4

packages:

  vscode-jsonrpc@9.0.3:
    resolution: {integrity: sha512-qETYf9PCl1lVfwR+oBmMfc4vP2nqLNA35ABxorw3j06+xlKRgDVxbLgKm4Y/xPL0YWdeDjLoI4ImICIT3nB0zQ==}
    engines: {node: '>=14.0.0'}

  vscode-languageserver-protocol@3.18.4:
    resolution: {integrity: sha512-CCXbyr99dafRJzJH/0Ryk7ly5T8XPmSR0//OuF2w4m+9JiOin7zcAT5iET8GRE7Z9taFBejb3GbM0a0mbjdbrg==}

  vscode-languageserver-types@3.18.4:
    resolution: {integrity: sha512-nQsacoiijvl0fRf2q28uFDrAVwRhdCa3QveiF7/CX0r18mLR5FU/1WskSsCKOjmEbtteKUnY8x8Yzxop+k0zwg==}

snapshots:

  vscode-jsonrpc@9.0.3: {}

  vscode-languageserver-protocol@3.18.4:
    dependencies:
      vscode-jsonrpc: 9.0.3
      vscode-languageserver-types: 3.18.4

  vscode-languageserver-types@3.18.4: {}
