lockfileVersion: '9.0'

settings:
  autoInstallPeers: true
  excludeLinksFromLockfile: false

importers:

  .:
    dependencies:
      vscode-languageserver-protocol:
        specifier: 3.18.2
        version: 3.18.2

packages:

  vscode-jsonrpc@9.0.1:
    resolution: {integrity: sha512-rfuA6T75H6m5EkbhtEPzre9pT0HPcDI2MMy4+nPFIBks5J8JBAUHD4tRYSgaBOijIEC7SRkC1kKyXTLqbmh9jw==}
    engines: {node: '>=14.0.0'}

  vscode-languageserver-protocol@3.18.2:
    resolution: {integrity: sha512-XRyDbT0Pp3sSNti3JmxVEUMySWCSi1hhM+/KUlCy1hV1zmrqpM1OwO12EAki8blhmLuIMpaJrYbo0OzGVfK2Qg==}

  vscode-languageserver-types@3.18.0:
    resolution: {integrity: sha512-8TsGPNMIMiiBdkORgRSvLjuiEIiAFtO+KssmYWxQ+uSVvlf7RjK8YKCOjPzZ+YA04jXEV7+7LvkSmHkhpNS99g==}

snapshots:

  vscode-jsonrpc@9.0.1: {}

  vscode-languageserver-protocol@3.18.2:
    dependencies:
      vscode-jsonrpc: 9.0.1
      vscode-languageserver-types: 3.18.0

  vscode-languageserver-types@3.18.0: {}
