lockfileVersion: '9.0'

settings:
  autoInstallPeers: true
  excludeLinksFromLockfile: false

importers:

  .:
    dependencies:
      vscode-languageserver-protocol:
        specifier: 3.18.3
        version: 3.18.3

packages:

  vscode-jsonrpc@9.0.2:
    resolution: {integrity: sha512-SbQSV9yRemARxeXw6LU5sS6Zq0e9/DgCCX5yelH263ZQWukbTk8EF8fjTrr1dziasf4GwlJbvTwFnTrnQFWZXQ==}
    engines: {node: '>=14.0.0'}

  vscode-languageserver-protocol@3.18.3:
    resolution: {integrity: sha512-DF49+WeV5py4zO5hhobp60jjsDSK0lAqA0OuKBLBvp423HPWQcCbhZz3JgyfIewsEz2f8U+X75xNIFHdiXZm2w==}

  vscode-languageserver-types@3.18.3:
    resolution: {integrity: sha512-XIlzJ7Qp/jzSI1ds7/FwPAWrPeTZA7pAtlW4hdJ1J6xXWJL6dR9QYnDhJOdLzdKhUQ5Mm6mvUMw+3DcOQQasPw==}

snapshots:

  vscode-jsonrpc@9.0.2: {}

  vscode-languageserver-protocol@3.18.3:
    dependencies:
      vscode-jsonrpc: 9.0.2
      vscode-languageserver-types: 3.18.3

  vscode-languageserver-types@3.18.3: {}
