{
  "name": "pi-honcho",
  "lockfileVersion": 3,
  "requires": true,
  "packages": {
    "": {
      "name": "pi-honcho",
      "dependencies": {
        "@honcho-ai/sdk": "^2.0.1"
      },
      "devDependencies": {
        "@types/node": "^25.5.0"
      }
    },
    "node_modules/@honcho-ai/sdk": {
      "version": "2.0.1",
      "resolved": "https://registry.npmjs.org/@honcho-ai/sdk/-/sdk-2.0.1.tgz",
      "integrity": "sha512-y/Wk49C0N1miI9BZTNWFIbzdUkMZfP4Do/EJ1q4lEIK+FAOKxQgces/zET3kPKV3zF9sOUl2pXrFb/XKYayeYw==",
      "license": "Apache-2.0",
      "dependencies": {
        "@types/node": "^24.0.1",
        "zod": "4.0.0"
      }
    },
    "node_modules/@honcho-ai/sdk/node_modules/@types/node": {
      "version": "24.12.0",
      "resolved": "https://registry.npmjs.org/@types/node/-/node-24.12.0.tgz",
      "integrity": "sha512-GYDxsZi3ChgmckRT9HPU0WEhKLP08ev/Yfcq2AstjrDASOYCSXeyjDsHg4v5t4jOj7cyDX3vmprafKlWIG9MXQ==",
      "license": "MIT",
      "dependencies": {
        "undici-types": "~7.16.0"
      }
    },
    "node_modules/@honcho-ai/sdk/node_modules/undici-types": {
      "version": "7.16.0",
      "resolved": "https://registry.npmjs.org/undici-types/-/undici-types-7.16.0.tgz",
      "integrity": "sha512-Zz+aZWSj8LE6zoxD+xrjh4VfkIG8Ya6LvYkZqtUQGJPZjYl53ypCaUwWqo7eI0x66KBGeRo+mlBEkMSeSZ38Nw==",
      "license": "MIT"
    },
    "node_modules/@types/node": {
      "version": "25.6.0",
      "resolved": "https://registry.npmjs.org/@types/node/-/node-25.6.0.tgz",
      "integrity": "sha512-+qIYRKdNYJwY3vRCZMdJbPLJAtGjQBudzZzdzwQYkEPQd+PJGixUL5QfvCLDaULoLv+RhT3LDkwEfKaAkgSmNQ==",
      "dev": true,
      "license": "MIT",
      "dependencies": {
        "undici-types": "~7.19.0"
      }
    },
    "node_modules/undici-types": {
      "version": "7.19.2",
      "resolved": "https://registry.npmjs.org/undici-types/-/undici-types-7.19.2.tgz",
      "integrity": "sha512-qYVnV5OEm2AW8cJMCpdV20CDyaN3g0AjDlOGf1OW4iaDEx8MwdtChUp4zu4H0VP3nDRF/8RKWH+IPp9uW0YGZg==",
      "dev": true,
      "license": "MIT"
    },
    "node_modules/zod": {
      "version": "4.0.0",
      "resolved": "https://registry.npmjs.org/zod/-/zod-4.0.0.tgz",
      "integrity": "sha512-9diLdTPc/L7w/5jI4C3gHYNiGHDV9IZYxo1e5LSD8cabi65WVTWWb+g2BGPEpUUCOxR4D+6O5B0AzyMdUAXwrw==",
      "license": "MIT",
      "funding": {
        "url": "https://github.com/sponsors/colinhacks"
      }
    }
  }
}
