{
  "name": "pi-honcho",
  "lockfileVersion": 3,
  "requires": true,
  "packages": {
    "": {
      "name": "pi-honcho",
      "dependencies": {
        "@honcho-ai/sdk": "^2.0.1"
      },
      "devDependencies": {
        "@types/node": "^25.5.0"
      }
    },
    "node_modules/@honcho-ai/sdk": {
      "version": "2.1.1",
      "resolved": "https://registry.npmjs.org/@honcho-ai/sdk/-/sdk-2.1.1.tgz",
      "integrity": "sha512-1EgDchnK2bTllhUCNhH1PZbw65fExmTtY2sraqXc1O41o1gY4Rpqrl1XCo+7RfdcZo85N7vl461hqYCouhbR1A==",
      "license": "Apache-2.0",
      "dependencies": {
        "zod": "4.0.0"
      }
    },
    "node_modules/@types/node": {
      "version": "25.5.0",
      "resolved": "https://registry.npmjs.org/@types/node/-/node-25.5.0.tgz",
      "integrity": "sha512-jp2P3tQMSxWugkCUKLRPVUpGaL5MVFwF8RDuSRztfwgN1wmqJeMSbKlnEtQqU8UrhTmzEmZdu2I6v2dpp7XIxw==",
      "dev": true,
      "license": "MIT",
      "dependencies": {
        "undici-types": "~7.18.0"
      }
    },
    "node_modules/undici-types": {
      "version": "7.18.2",
      "resolved": "https://registry.npmjs.org/undici-types/-/undici-types-7.18.2.tgz",
      "integrity": "sha512-AsuCzffGHJybSaRrmr5eHr81mwJU3kjw6M+uprWvCXiNeN9SOGwQ3Jn8jb8m3Z6izVgknn1R0FTCEAP2QrLY/w==",
      "dev": true,
      "license": "MIT"
    },
    "node_modules/zod": {
      "version": "4.0.0",
      "resolved": "https://registry.npmjs.org/zod/-/zod-4.0.0.tgz",
      "integrity": "sha512-9diLdTPc/L7w/5jI4C3gHYNiGHDV9IZYxo1e5LSD8cabi65WVTWWb+g2BGPEpUUCOxR4D+6O5B0AzyMdUAXwrw==",
      "license": "MIT",
      "funding": {
        "url": "https://github.com/sponsors/colinhacks"
      }
    }
  }
}
