lockfileVersion: '9.0'

settings:
  autoInstallPeers: true
  excludeLinksFromLockfile: false

importers:

  .:
    dependencies:
      '@vectorize-io/hindsight-client':
        specifier: ^0.10.2
        version: 0.10.2
    devDependencies:
      '@types/node':
        specifier: ^26.4.1
        version: 26.6.4

packages:

  '@types/node@26.6.4':
    resolution: {integrity: sha512-ldVPDCzj7fsaGZrLB0NuHuTvJcsNasysBAqMolr/cgxrLd1xbqxIr3XJiPnHHJUCxj5sNF1vnRj9aWnrVh5Jcg==}

  '@vectorize-io/hindsight-client@0.10.2':
    resolution: {integrity: sha512-mhGK4xCWYPWi/odk4xmxhgWfFnG+4pKugPBrGZtx/aJN7qGa1wJZm/WWlxX8D6kuVlOny9yp8l0tzHFlx+Vsew==}

  undici-types@8.9.0:
    resolution: {integrity: sha512-KTDyRTYX8sWmKXAikPHHSyc63CRPETMctyjKFupcC6OBLXT3xsN0e9aF7m+mIXutFWpUXuedtowG7iLOzp0kQg==}

snapshots:

  '@types/node@26.6.4':
    dependencies:
      undici-types: 8.9.0

  '@vectorize-io/hindsight-client@0.10.2': {}

  undici-types@8.9.0: {}
