lockfileVersion: '9.0'

settings:
  autoInstallPeers: true
  excludeLinksFromLockfile: false

importers:

  .:
    dependencies:
      '@vectorize-io/hindsight-client':
        specifier: ^0.9.2
        version: 0.9.2
    devDependencies:
      '@types/node':
        specifier: ^26.4.1
        version: 26.6.1

packages:

  '@types/node@26.6.1':
    resolution: {integrity: sha512-VqGJBMCtdhqkBUCcBLvywI0NJ+KLuVzgNnlBUNFOQjqVxzo2lxLUNg1DSey8+u2u6ktswSAxg+s68QLzWHNOuA==}

  '@vectorize-io/hindsight-client@0.9.2':
    resolution: {integrity: sha512-sjmLkhyH2XafpLzT4abWdF4wcjHWhLU1igxxo6Ng67vGMAWA6Br1Ck3rmdejIyxcsArscpu+JrJ3X+jpcp+LLQ==}

  undici-types@8.9.0:
    resolution: {integrity: sha512-KTDyRTYX8sWmKXAikPHHSyc63CRPETMctyjKFupcC6OBLXT3xsN0e9aF7m+mIXutFWpUXuedtowG7iLOzp0kQg==}

snapshots:

  '@types/node@26.6.1':
    dependencies:
      undici-types: 8.9.0

  '@vectorize-io/hindsight-client@0.9.2': {}

  undici-types@8.9.0: {}
